
Microsoft Visual Studio Solution File, Format Version 12.00
# Visual Studio Version 17
VisualStudioVersion = 17.14.36408.4
MinimumVisualStudioVersion = 10.0.40219.1
Project("{FAE04EC0-301F-11D3-BF4B-00C04F79EFBC}") = "TravelingSalesman.Core", "TravelingSalesman.Core\TravelingSalesman.Core.csproj", "{C2346882-82C9-4200-AD54-AB85B62D0297}"
EndProject
Project("{FAE04EC0-301F-11D3-BF4B-00C04F79EFBC}") = "TravelingSalesman.ConsoleApp", "TravelingSalesman.ConsoleApp\TravelingSalesman.ConsoleApp.csproj", "{304BB409-E7A3-484A-9EB2-2864B7868DD2}"
EndProject
Project("{2150E333-8FDC-42A3-9474-1A3956D46DE8}") = "Solution Items", "Solution Items", "{8EC462FD-D22E-90A8-E5CE-7E832BA40C5D}"
	ProjectSection(SolutionItems) = preProject
		.github\workflows\build.yml = .github\workflows\build.yml
		Dockerfile = Dockerfile
	EndProjectSection
EndProject
Project("{FAE04EC0-301F-11D3-BF4B-00C04F79EFBC}") = "TravelingSalesman.Tests", "TravelingSalesman.Tests\TravelingSalesman.Tests.csproj", "{0515DBB2-D0F7-4F5C-B91F-B4E0262E2C7B}"
EndProject
Global
	GlobalSection(SolutionConfigurationPlatforms) = preSolution
		Debug|Any CPU = Debug|Any CPU
		Release|Any CPU = Release|Any CPU
	EndGlobalSection
	GlobalSection(ProjectConfigurationPlatforms) = postSolution
		{C2346882-82C9-4200-AD54-AB85B62D0297}.Debug|Any CPU.ActiveCfg = Debug|Any CPU
		{C2346882-82C9-4200-AD54-AB85B62D0297}.Debug|Any CPU.Build.0 = Debug|Any CPU
		{C2346882-82C9-4200-AD54-AB85B62D0297}.Release|Any CPU.ActiveCfg = Release|Any CPU
		{C2346882-82C9-4200-AD54-AB85B62D0297}.Release|Any CPU.Build.0 = Release|Any CPU
		{304BB409-E7A3-484A-9EB2-2864B7868DD2}.Debug|Any CPU.ActiveCfg = Debug|Any CPU
		{304BB409-E7A3-484A-9EB2-2864B7868DD2}.Debug|Any CPU.Build.0 = Debug|Any CPU
		{304BB409-E7A3-484A-9EB2-2864B7868DD2}.Release|Any CPU.ActiveCfg = Release|Any CPU
		{304BB409-E7A3-484A-9EB2-2864B7868DD2}.Release|Any CPU.Build.0 = Release|Any CPU
		{0515DBB2-D0F7-4F5C-B91F-B4E0262E2C7B}.Debug|Any CPU.ActiveCfg = Debug|Any CPU
		{0515DBB2-D0F7-4F5C-B91F-B4E0262E2C7B}.Debug|Any CPU.Build.0 = Debug|Any CPU
		{0515DBB2-D0F7-4F5C-B91F-B4E0262E2C7B}.Release|Any CPU.ActiveCfg = Release|Any CPU
		{0515DBB2-D0F7-4F5C-B91F-B4E0262E2C7B}.Release|Any CPU.Build.0 = Release|Any CPU
	EndGlobalSection
	GlobalSection(SolutionProperties) = preSolution
		HideSolutionNode = FALSE
	EndGlobalSection
	GlobalSection(ExtensibilityGlobals) = postSolution
		SolutionGuid = {A273C62C-9A31-4047-9AAB-4C20C12D1666}
	EndGlobalSection
EndGlobal
